
Microsoft Visual Studio Solution File, Format Version 12.00
# Visual Studio Version 17
VisualStudioVersion = 17.12.35527.113 d17.12
MinimumVisualStudioVersion = 10.0.40219.1
Project("{FAE04EC0-301F-11D3-BF4B-00C04F79EFBC}") = "Demo3-C#-ADC", "Demo3-C#-ADC\Demo3-C#-ADC.csproj", "{2A97E510-A620-427B-ADC2-FB9AF4FC1218}"
EndProject
Project("{FAE04EC0-301F-11D3-BF4B-00C04F79EFBC}") = "Assigment03-ADC-C#", "Assigment03-ADC-C#\Assigment03-ADC-C#.csproj", "{99E816B7-B9D4-4D72-B0F8-D3C7168FEBB9}"
EndProject
Global
	GlobalSection(SolutionConfigurationPlatforms) = preSolution
		Debug|Any CPU = Debug|Any CPU
		Release|Any CPU = Release|Any CPU
	EndGlobalSection
	GlobalSection(ProjectConfigurationPlatforms) = postSolution
		{2A97E510-A620-427B-ADC2-FB9AF4FC1218}.Debug|Any CPU.ActiveCfg = Debug|Any CPU
		{2A97E510-A620-427B-ADC2-FB9AF4FC1218}.Debug|Any CPU.Build.0 = Debug|Any CPU
		{2A97E510-A620-427B-ADC2-FB9AF4FC1218}.Release|Any CPU.ActiveCfg = Release|Any CPU
		{2A97E510-A620-427B-ADC2-FB9AF4FC1218}.Release|Any CPU.Build.0 = Release|Any CPU
		{99E816B7-B9D4-4D72-B0F8-D3C7168FEBB9}.Debug|Any CPU.ActiveCfg = Debug|Any CPU
		{99E816B7-B9D4-4D72-B0F8-D3C7168FEBB9}.Debug|Any CPU.Build.0 = Debug|Any CPU
		{99E816B7-B9D4-4D72-B0F8-D3C7168FEBB9}.Release|Any CPU.ActiveCfg = Release|Any CPU
		{99E816B7-B9D4-4D72-B0F8-D3C7168FEBB9}.Release|Any CPU.Build.0 = Release|Any CPU
	EndGlobalSection
	GlobalSection(SolutionProperties) = preSolution
		HideSolutionNode = FALSE
	EndGlobalSection
EndGlobal
